
Microsoft Visual Studio Solution File, Format Version 12.00
# Visual Studio Version 16
VisualStudioVersion = 16.0.30404.54
MinimumVisualStudioVersion = 10.0.40219.1
Project("{9A19103F-16F7-4668-BE54-9A1E7A4F7556}") = "TarasZoukClasses.Api", "TarasZoukClasses.Api\TarasZoukClasses.Api.csproj", "{48F3644F-2127-4A47-8900-52FA99452603}"
EndProject
Project("{9A19103F-16F7-4668-BE54-9A1E7A4F7556}") = "TarasZoukClasses.Models", "TarasZoukClasses.Models\TarasZoukClasses.Models.csproj", "{38661B63-7571-4904-AF31-25F0DC8C60D7}"
EndProject
Project("{9A19103F-16F7-4668-BE54-9A1E7A4F7556}") = "TarasZoukClasses.Data", "TarasZoukClasses.Data\TarasZoukClasses.Data.csproj", "{B173D3BF-290D-4610-B333-27AAB54AD3E8}"
EndProject
Project("{9A19103F-16F7-4668-BE54-9A1E7A4F7556}") = "TarasZoukClasses.Domain", "TarasZoukClasses.Domain\TarasZoukClasses.Domain.csproj", "{722BD947-A68D-449D-9E91-E7431A0494B8}"
EndProject
Global
	GlobalSection(SolutionConfigurationPlatforms) = preSolution
		Debug|Any CPU = Debug|Any CPU
		Release|Any CPU = Release|Any CPU
	EndGlobalSection
	GlobalSection(ProjectConfigurationPlatforms) = postSolution
		{48F3644F-2127-4A47-8900-52FA99452603}.Debug|Any CPU.ActiveCfg = Debug|Any CPU
		{48F3644F-2127-4A47-8900-52FA99452603}.Debug|Any CPU.Build.0 = Debug|Any CPU
		{48F3644F-2127-4A47-8900-52FA99452603}.Release|Any CPU.ActiveCfg = Release|Any CPU
		{48F3644F-2127-4A47-8900-52FA99452603}.Release|Any CPU.Build.0 = Release|Any CPU
		{38661B63-7571-4904-AF31-25F0DC8C60D7}.Debug|Any CPU.ActiveCfg = Debug|Any CPU
		{38661B63-7571-4904-AF31-25F0DC8C60D7}.Debug|Any CPU.Build.0 = Debug|Any CPU
		{38661B63-7571-4904-AF31-25F0DC8C60D7}.Release|Any CPU.ActiveCfg = Release|Any CPU
		{38661B63-7571-4904-AF31-25F0DC8C60D7}.Release|Any CPU.Build.0 = Release|Any CPU
		{B173D3BF-290D-4610-B333-27AAB54AD3E8}.Debug|Any CPU.ActiveCfg = Debug|Any CPU
		{B173D3BF-290D-4610-B333-27AAB54AD3E8}.Debug|Any CPU.Build.0 = Debug|Any CPU
		{B173D3BF-290D-4610-B333-27AAB54AD3E8}.Release|Any CPU.ActiveCfg = Release|Any CPU
		{B173D3BF-290D-4610-B333-27AAB54AD3E8}.Release|Any CPU.Build.0 = Release|Any CPU
		{722BD947-A68D-449D-9E91-E7431A0494B8}.Debug|Any CPU.ActiveCfg = Debug|Any CPU
		{722BD947-A68D-449D-9E91-E7431A0494B8}.Debug|Any CPU.Build.0 = Debug|Any CPU
		{722BD947-A68D-449D-9E91-E7431A0494B8}.Release|Any CPU.ActiveCfg = Release|Any CPU
		{722BD947-A68D-449D-9E91-E7431A0494B8}.Release|Any CPU.Build.0 = Release|Any CPU
	EndGlobalSection
	GlobalSection(SolutionProperties) = preSolution
		HideSolutionNode = FALSE
	EndGlobalSection
	GlobalSection(ExtensibilityGlobals) = postSolution
		SolutionGuid = {8F3233D2-FF57-49B9-A813-F5C17CBCAFBD}
	EndGlobalSection
EndGlobal
